{
  "nodes": {
    "annas-archive-src": {
      "flake": false,
      "locked": {
        "lastModified": 1774037785,
        "narHash": "sha256-uHfc0sic/OfhEcixvcwPRySZ20xuujI5A/P2mq3qFKM=",
        "owner": "LiGoldragon",
        "repo": "annas-archive",
        "rev": "0a35b926c77889fccdd041207e2c22e51138800e",
        "type": "github"
      },
      "original": {
        "owner": "LiGoldragon",
        "repo": "annas-archive",
        "type": "github"
      }
    },
    "claude-code": {
      "inputs": {
        "flake-utils": "flake-utils",
        "nixpkgs": "nixpkgs"
      },
      "locked": {
        "lastModified": 1773961521,
        "narHash": "sha256-enhjd1AcHHU+3RCRdSWVQj6TIqRXkJUbQSFVXzC6xLo=",
        "owner": "sadjow",
        "repo": "claude-code-nix",
        "rev": "1519be1f77ed017ae4a88916ac54529cef885573",
        "type": "github"
      },
      "original": {
        "owner": "sadjow",
        "repo": "claude-code-nix",
        "type": "github"
      }
    },
    "crane": {
      "locked": {
        "lastModified": 1773857772,
        "narHash": "sha256-5xsK26KRHf0WytBtsBnQYC/lTWDhQuT57HJ7SzuqZcM=",
        "owner": "ipetkov",
        "repo": "crane",
        "rev": "b556d7bbae5ff86e378451511873dfd07e4504cd",
        "type": "github"
      },
      "original": {
        "owner": "ipetkov",
        "repo": "crane",
        "type": "github"
      }
    },
    "criome-cozo-src": {
      "flake": false,
      "locked": {
        "lastModified": 1774106615,
        "narHash": "sha256-XBGSE25ZdaS09ZhzEdc5JOwaTKL5A5uue3Ug9VIsoYQ=",
        "owner": "LiGoldragon",
        "repo": "criome-cozo",
        "rev": "27e96e1f74cf5663c52da8f9550241223037c06b",
        "type": "github"
      },
      "original": {
        "owner": "LiGoldragon",
        "repo": "criome-cozo",
        "type": "github"
      }
    },
    "fenix": {
      "inputs": {
        "nixpkgs": [
          "nixpkgs"
        ],
        "rust-analyzer-src": "rust-analyzer-src"
      },
      "locked": {
        "lastModified": 1773990552,
        "narHash": "sha256-5dJwbgX05hVWZj8Kf9Tmb3mYWUZzF0kn6GMYBJQtPDI=",
        "owner": "nix-community",
        "repo": "fenix",
        "rev": "a90c1a2e004e318a4463c9e87ae1f00788afba1b",
        "type": "github"
      },
      "original": {
        "owner": "nix-community",
        "repo": "fenix",
        "type": "github"
      }
    },
    "flake-utils": {
      "inputs": {
        "systems": "systems"
      },
      "locked": {
        "lastModified": 1731533236,
        "narHash": "sha256-l0KFg5HjrsfsO/JpG+r7fRrqm12kzFHyUHqHCVpMMbI=",
        "owner": "numtide",
        "repo": "flake-utils",
        "rev": "11707dc2f618dd54ca8739b309ec4fc024de578b",
        "type": "github"
      },
      "original": {
        "owner": "numtide",
        "repo": "flake-utils",
        "type": "github"
      }
    },
    "flake-utils_2": {
      "inputs": {
        "systems": "systems_2"
      },
      "locked": {
        "lastModified": 1731533236,
        "narHash": "sha256-l0KFg5HjrsfsO/JpG+r7fRrqm12kzFHyUHqHCVpMMbI=",
        "owner": "numtide",
        "repo": "flake-utils",
        "rev": "11707dc2f618dd54ca8739b309ec4fc024de578b",
        "type": "github"
      },
      "original": {
        "owner": "numtide",
        "repo": "flake-utils",
        "type": "github"
      }
    },
    "lojix-src": {
      "flake": false,
      "locked": {
        "lastModified": 1774090132,
        "narHash": "sha256-FO+8m8IODCJqttbuvgQj+JNzWuOl2qssxJkMGjA0mUM=",
        "owner": "Criome",
        "repo": "lojix",
        "rev": "10c4ee429ef4b0dac2c5d5e884a31df5c103722e",
        "type": "github"
      },
      "original": {
        "owner": "Criome",
        "repo": "lojix",
        "type": "github"
      }
    },
    "nixpkgs": {
      "locked": {
        "lastModified": 1773628058,
        "narHash": "sha256-hpXH0z3K9xv0fHaje136KY872VT2T5uwxtezlAskQgY=",
        "owner": "NixOS",
        "repo": "nixpkgs",
        "rev": "f8573b9c935cfaa162dd62cc9e75ae2db86f85df",
        "type": "github"
      },
      "original": {
        "owner": "NixOS",
        "ref": "nixpkgs-unstable",
        "repo": "nixpkgs",
        "type": "github"
      }
    },
    "nixpkgs_2": {
      "locked": {
        "lastModified": 1773628058,
        "narHash": "sha256-hpXH0z3K9xv0fHaje136KY872VT2T5uwxtezlAskQgY=",
        "owner": "NixOS",
        "repo": "nixpkgs",
        "rev": "f8573b9c935cfaa162dd62cc9e75ae2db86f85df",
        "type": "github"
      },
      "original": {
        "owner": "NixOS",
        "ref": "nixpkgs-unstable",
        "repo": "nixpkgs",
        "type": "github"
      }
    },
    "root": {
      "inputs": {
        "annas-archive-src": "annas-archive-src",
        "claude-code": "claude-code",
        "crane": "crane",
        "criome-cozo-src": "criome-cozo-src",
        "fenix": "fenix",
        "flake-utils": "flake-utils_2",
        "lojix-src": "lojix-src",
        "nixpkgs": "nixpkgs_2",
        "samskara-codegen-src": "samskara-codegen-src",
        "samskara-lojix-contract-src": "samskara-lojix-contract-src",
        "samskara-src": "samskara-src"
      }
    },
    "rust-analyzer-src": {
      "flake": false,
      "locked": {
        "lastModified": 1773946486,
        "narHash": "sha256-xZHZj3Bk0cf17U9kgP9M/CFnAEoaZeOoGnQggfJSeGQ=",
        "owner": "rust-lang",
        "repo": "rust-analyzer",
        "rev": "304785c5bf672fe01adc4201bd01bf61c33d567f",
        "type": "github"
      },
      "original": {
        "owner": "rust-lang",
        "ref": "nightly",
        "repo": "rust-analyzer",
        "type": "github"
      }
    },
    "samskara-codegen-src": {
      "flake": false,
      "locked": {
        "lastModified": 1774090005,
        "narHash": "sha256-vqXkH7AlMZghqaETdJVRv0MjrLzEBpclZDG2MiEp7xo=",
        "owner": "LiGoldragon",
        "repo": "samskara-codegen",
        "rev": "5941643f3944464e1359acc282f9baf4ef440f41",
        "type": "github"
      },
      "original": {
        "owner": "LiGoldragon",
        "repo": "samskara-codegen",
        "type": "github"
      }
    },
    "samskara-lojix-contract-src": {
      "flake": false,
      "locked": {
        "lastModified": 1774024974,
        "narHash": "sha256-ZWUK5a+mkAccacHYMTSrbxAdgr0uWPasBjlpbjJciwc=",
        "owner": "LiGoldragon",
        "repo": "samskara-lojix-contract",
        "rev": "ce0155f1be6281d43d68d59aa36b05851527bf89",
        "type": "github"
      },
      "original": {
        "owner": "LiGoldragon",
        "repo": "samskara-lojix-contract",
        "type": "github"
      }
    },
    "samskara-src": {
      "flake": false,
      "locked": {
        "lastModified": 1774107611,
        "narHash": "sha256-8n2Ua4VmNdxBXk5P3q0iFmN+0LKv2deoTQPnyZiEWaY=",
        "owner": "LiGoldragon",
        "repo": "samskara",
        "rev": "a9e38485eaef750b6cdd29c01d59368fd58b42f5",
        "type": "github"
      },
      "original": {
        "owner": "LiGoldragon",
        "repo": "samskara",
        "type": "github"
      }
    },
    "systems": {
      "locked": {
        "lastModified": 1681028828,
        "narHash": "sha256-Vy1rq5AaRuLzOxct8nz4T6wlgyUR7zLU309k9mBC768=",
        "owner": "nix-systems",
        "repo": "default",
        "rev": "da67096a3b9bf56a91d16901293e51ba5b49a27e",
        "type": "github"
      },
      "original": {
        "owner": "nix-systems",
        "repo": "default",
        "type": "github"
      }
    },
    "systems_2": {
      "locked": {
        "lastModified": 1681028828,
        "narHash": "sha256-Vy1rq5AaRuLzOxct8nz4T6wlgyUR7zLU309k9mBC768=",
        "owner": "nix-systems",
        "repo": "default",
        "rev": "da67096a3b9bf56a91d16901293e51ba5b49a27e",
        "type": "github"
      },
      "original": {
        "owner": "nix-systems",
        "repo": "default",
        "type": "github"
      }
    }
  },
  "root": "root",
  "version": 7
}
